{
  "comment": "The jotted CLI release bundled in the app. Bump with scripts/fetch-jotted.ts; see docs/bundling.md.",
  "version": "0.1.0",
  "contract": 1,
  "repo": "sameera207/jotted-cli",
  "targets": {
    "aarch64-apple-darwin": {
      "asset": "jotted-0.1.0-macos-arm64.tar.gz",
      "sha256": "717c3e8fe276ce069a7d9dec2c01dfacde572798c6849bd544bf77ca332e811f"
    },
    "x86_64-apple-darwin": {
      "asset": "jotted-0.1.0-macos-x64.tar.gz",
      "sha256": "b3aa18994218a31c04fd460a7cdd326fc48d4d9406ea4fee7c349529483d224e"
    }
  }
}
